// !$*UTF8*$!
{
	archiveVersion = 1;
	classes = {
	};
	objectVersion = 51;
	objects = {

/* Begin PBXBuildFile section */
		27A00DB8260A63AB00890034 /* PostAPIModel.swift in Sources */ = {isa = PBXBuildFile; fileRef = 27A00DB7260A63AB00890034 /* PostAPIModel.swift */; };
		27A00DC0260A63D900890034 /* UserAPIModel.swift in Sources */ = {isa = PBXBuildFile; fileRef = 27A00DBF260A63D900890034 /* UserAPIModel.swift */; };
		27A00DC5260A63E900890034 /* CommentAPIModel.swift in Sources */ = {isa = PBXBuildFile; fileRef = 27A00DC4260A63E900890034 /* CommentAPIModel.swift */; };
		27A00DCA260A63F800890034 /* AddressAPIModel.swift in Sources */ = {isa = PBXBuildFile; fileRef = 27A00DC9260A63F800890034 /* AddressAPIModel.swift */; };
		27A00DCF260A640900890034 /* CompanyAPIModel.swift in Sources */ = {isa = PBXBuildFile; fileRef = 27A00DCE260A640900890034 /* CompanyAPIModel.swift */; };
		27A00DD4260A641800890034 /* GeoAPIModel.swift in Sources */ = {isa = PBXBuildFile; fileRef = 27A00DD3260A641800890034 /* GeoAPIModel.swift */; };
		27A00DD9260A66E400890034 /* APISpec.swift in Sources */ = {isa = PBXBuildFile; fileRef = 27A00DD8260A66E400890034 /* APISpec.swift */; };
		27A00DDE260A692B00890034 /* NetworkService.swift in Sources */ = {isa = PBXBuildFile; fileRef = 27A00DDD260A692B00890034 /* NetworkService.swift */; };
		27A00DE3260A6EE800890034 /* MoyaProvider+Request.swift in Sources */ = {isa = PBXBuildFile; fileRef = 27A00DE2260A6EE800890034 /* MoyaProvider+Request.swift */; };
		27A00DE8260A718A00890034 /* Networkable.swift in Sources */ = {isa = PBXBuildFile; fileRef = 27A00DE7260A718A00890034 /* Networkable.swift */; };
		27A00DF6260A89FD00890034 /* Healios.xcdatamodeld in Sources */ = {isa = PBXBuildFile; fileRef = 27A00DF4260A89FD00890034 /* Healios.xcdatamodeld */; };
		27A00DFB260A8E0D00890034 /* AddressDBModel.swift in Sources */ = {isa = PBXBuildFile; fileRef = 27A00DFA260A8E0D00890034 /* AddressDBModel.swift */; };
		27A00E00260A8E4E00890034 /* CoreDataManagedType.swift in Sources */ = {isa = PBXBuildFile; fileRef = 27A00DFF260A8E4E00890034 /* CoreDataManagedType.swift */; };
		27A00E05260A8E8B00890034 /* FetchedResultsControllerEntityObserver.swift in Sources */ = {isa = PBXBuildFile; fileRef = 27A00E04260A8E8B00890034 /* FetchedResultsControllerEntityObserver.swift */; };
		27A00E0A260A8F1200890034 /* NSManagedObjectContext+Rx.swift in Sources */ = {isa = PBXBuildFile; fileRef = 27A00E09260A8F1200890034 /* NSManagedObjectContext+Rx.swift */; };
		27A00E0F260A8F5D00890034 /* NSManagedObjectContext+Extensions.swift in Sources */ = {isa = PBXBuildFile; fileRef = 27A00E0E260A8F5D00890034 /* NSManagedObjectContext+Extensions.swift */; };
		27A00E14260A8FC000890034 /* CommentDBModel.swift in Sources */ = {isa = PBXBuildFile; fileRef = 27A00E13260A8FC000890034 /* CommentDBModel.swift */; };
		27A00E19260A913200890034 /* CompanyDBModel.swift in Sources */ = {isa = PBXBuildFile; fileRef = 27A00E18260A913200890034 /* CompanyDBModel.swift */; };
		27A00E1E260A917200890034 /* GeoDBModel.swift in Sources */ = {isa = PBXBuildFile; fileRef = 27A00E1D260A917200890034 /* GeoDBModel.swift */; };
		27A00E23260A919F00890034 /* PostDBModel.swift in Sources */ = {isa = PBXBuildFile; fileRef = 27A00E22260A919F00890034 /* PostDBModel.swift */; };
		27A00E28260A91D500890034 /* UserDBModel.swift in Sources */ = {isa = PBXBuildFile; fileRef = 27A00E27260A91D500890034 /* UserDBModel.swift */; };
		27A00E2D260A936A00890034 /* CoreDataStack.swift in Sources */ = {isa = PBXBuildFile; fileRef = 27A00E2C260A936A00890034 /* CoreDataStack.swift */; };
		27A00E32260A94CF00890034 /* CoreDataPersistenceService.swift in Sources */ = {isa = PBXBuildFile; fileRef = 27A00E31260A94CF00890034 /* CoreDataPersistenceService.swift */; };
		27A00E38260B301A00890034 /* AddressModel.swift in Sources */ = {isa = PBXBuildFile; fileRef = 27A00E37260B301A00890034 /* AddressModel.swift */; };
		27A00E3D260B302900890034 /* CommentModel.swift in Sources */ = {isa = PBXBuildFile; fileRef = 27A00E3C260B302900890034 /* CommentModel.swift */; };
		27A00E42260B303D00890034 /* CompanyModel.swift in Sources */ = {isa = PBXBuildFile; fileRef = 27A00E41260B303D00890034 /* CompanyModel.swift */; };
		27A00E47260B304D00890034 /* GeoModel.swift in Sources */ = {isa = PBXBuildFile; fileRef = 27A00E46260B304D00890034 /* GeoModel.swift */; };
		27A00E4C260B306400890034 /* PostModel.swift in Sources */ = {isa = PBXBuildFile; fileRef = 27A00E4B260B306400890034 /* PostModel.swift */; };
		27A00E51260B307700890034 /* UserModel.swift in Sources */ = {isa = PBXBuildFile; fileRef = 27A00E50260B307700890034 /* UserModel.swift */; };
		27A00E76260BC87A00890034 /* PersistenceProtocol.swift in Sources */ = {isa = PBXBuildFile; fileRef = 27A00E75260BC87A00890034 /* PersistenceProtocol.swift */; };
		27A00E7D260CB64200890034 /* PostsRepository.swift in Sources */ = {isa = PBXBuildFile; fileRef = 27A00E7C260CB64200890034 /* PostsRepository.swift */; };
		27A00E85260CB66000890034 /* PostsRepositoryProtocol.swift in Sources */ = {isa = PBXBuildFile; fileRef = 27A00E84260CB66000890034 /* PostsRepositoryProtocol.swift */; };
		27A00E8A260CBA6B00890034 /* PostsPresenter.swift in Sources */ = {isa = PBXBuildFile; fileRef = 27A00E89260CBA6B00890034 /* PostsPresenter.swift */; };
		27A00E92260DE19600890034 /* PostsViewController+Design.swift in Sources */ = {isa = PBXBuildFile; fileRef = 27A00E91260DE19600890034 /* PostsViewController+Design.swift */; };
		27A00E9B260DE8A400890034 /* RxDataSources+Section.swift in Sources */ = {isa = PBXBuildFile; fileRef = 27A00E9A260DE8A400890034 /* RxDataSources+Section.swift */; };
		27A00EA4260DED2B00890034 /* PostListViewModel.swift in Sources */ = {isa = PBXBuildFile; fileRef = 27A00EA3260DED2B00890034 /* PostListViewModel.swift */; };
		27A00EAD260DF1B000890034 /* PostCell.swift in Sources */ = {isa = PBXBuildFile; fileRef = 27A00EAC260DF1B000890034 /* PostCell.swift */; };
		27A00EB6260DF7A200890034 /* UITableViewCell+Extensions.swift in Sources */ = {isa = PBXBuildFile; fileRef = 27A00EB5260DF7A200890034 /* UITableViewCell+Extensions.swift */; };
		27A00EC5260E02DA00890034 /* Sequence+Extensions.swift in Sources */ = {isa = PBXBuildFile; fileRef = 27A00EC4260E02D900890034 /* Sequence+Extensions.swift */; };
		27A00ECD260E03C100890034 /* PostDetailsViewController.swift in Sources */ = {isa = PBXBuildFile; fileRef = 27A00ECC260E03C100890034 /* PostDetailsViewController.swift */; };
		27A00ED2260E03D700890034 /* PostDetailsPresenter.swift in Sources */ = {isa = PBXBuildFile; fileRef = 27A00ED1260E03D700890034 /* PostDetailsPresenter.swift */; };
		27A00ED7260E043000890034 /* PostDetailsViewController+Design.swift in Sources */ = {isa = PBXBuildFile; fileRef = 27A00ED6260E043000890034 /* PostDetailsViewController+Design.swift */; };
		27A00EE1260E048A00890034 /* PostDetailsViewModel.swift in Sources */ = {isa = PBXBuildFile; fileRef = 27A00EE0260E048A00890034 /* PostDetailsViewModel.swift */; };
		27A00EE9260E04F000890034 /* UserViewModel.swift in Sources */ = {isa = PBXBuildFile; fileRef = 27A00EE8260E04F000890034 /* UserViewModel.swift */; };
		27A00EEE260E051200890034 /* CommentViewModel.swift in Sources */ = {isa = PBXBuildFile; fileRef = 27A00EED260E051200890034 /* CommentViewModel.swift */; };
		27A00F07260E3C3B00890034 /* CommentCell.swift in Sources */ = {isa = PBXBuildFile; fileRef = 27A00F06260E3C3B00890034 /* CommentCell.swift */; };
		27A9E3A42609285100E5D8D2 /* AppDelegate.swift in Sources */ = {isa = PBXBuildFile; fileRef = 27A9E3A32609285100E5D8D2 /* AppDelegate.swift */; };
		27A9E3A62609285100E5D8D2 /* SceneDelegate.swift in Sources */ = {isa = PBXBuildFile; fileRef = 27A9E3A52609285100E5D8D2 /* SceneDelegate.swift */; };
		27A9E3AD2609285400E5D8D2 /* Assets.xcassets in Resources */ = {isa = PBXBuildFile; fileRef = 27A9E3AC2609285400E5D8D2 /* Assets.xcassets */; };
		27A9E3B02609285400E5D8D2 /* LaunchScreen.storyboard in Resources */ = {isa = PBXBuildFile; fileRef = 27A9E3AE2609285400E5D8D2 /* LaunchScreen.storyboard */; };
		27A9E3BB2609285400E5D8D2 /* HealiosTests.swift in Sources */ = {isa = PBXBuildFile; fileRef = 27A9E3BA2609285400E5D8D2 /* HealiosTests.swift */; };
		27A9E3C62609285400E5D8D2 /* HealiosUITests.swift in Sources */ = {isa = PBXBuildFile; fileRef = 27A9E3C52609285400E5D8D2 /* HealiosUITests.swift */; };
		27A9E3DC260931E600E5D8D2 /* AppModule.swift in Sources */ = {isa = PBXBuildFile; fileRef = 27A9E3DB260931E600E5D8D2 /* AppModule.swift */; };
		27A9E3E8260933EC00E5D8D2 /* PostsViewController.swift in Sources */ = {isa = PBXBuildFile; fileRef = 27A9E3E6260933EC00E5D8D2 /* PostsViewController.swift */; };
		27A9E3FC260935F900E5D8D2 /* AppRouter.swift in Sources */ = {isa = PBXBuildFile; fileRef = 27A9E3FB260935F900E5D8D2 /* AppRouter.swift */; };
		27A9E403260938C400E5D8D2 /* Factory.swift in Sources */ = {isa = PBXBuildFile; fileRef = 27A9E402260938C400E5D8D2 /* Factory.swift */; };
		976E7A776581E734FCE5FEB1 /* Pods_Healios.framework in Frameworks */ = {isa = PBXBuildFile; fileRef = F497C3D18CFDF881AA6FE64B /* Pods_Healios.framework */; };
/* End PBXBuildFile section */

/* Begin PBXContainerItemProxy section */
		27A9E3B72609285400E5D8D2 /* PBXContainerItemProxy */ = {
			isa = PBXContainerItemProxy;
			containerPortal = 27A9E3982609285100E5D8D2 /* Project object */;
			proxyType = 1;
			remoteGlobalIDString = 27A9E39F2609285100E5D8D2;
			remoteInfo = Healios;
		};
		27A9E3C22609285400E5D8D2 /* PBXContainerItemProxy */ = {
			isa = PBXContainerItemProxy;
			containerPortal = 27A9E3982609285100E5D8D2 /* Project object */;
			proxyType = 1;
			remoteGlobalIDString = 27A9E39F2609285100E5D8D2;
			remoteInfo = Healios;
		};
/* End PBXContainerItemProxy section */

/* Begin PBXFileReference section */
		27A00DB7260A63AB00890034 /* PostAPIModel.swift */ = {isa = PBXFileReference; lastKnownFileType = sourcecode.swift; path = PostAPIModel.swift; sourceTree = "<group>"; };
		27A00DBF260A63D900890034 /* UserAPIModel.swift */ = {isa = PBXFileReference; lastKnownFileType = sourcecode.swift; path = UserAPIModel.swift; sourceTree = "<group>"; };
		27A00DC4260A63E900890034 /* CommentAPIModel.swift */ = {isa = PBXFileReference; lastKnownFileType = sourcecode.swift; path = CommentAPIModel.swift; sourceTree = "<group>"; };
		27A00DC9260A63F800890034 /* AddressAPIModel.swift */ = {isa = PBXFileReference; lastKnownFileType = sourcecode.swift; path = AddressAPIModel.swift; sourceTree = "<group>"; };
		27A00DCE260A640900890034 /* CompanyAPIModel.swift */ = {isa = PBXFileReference; lastKnownFileType = sourcecode.swift; path = CompanyAPIModel.swift; sourceTree = "<group>"; };
		27A00DD3260A641800890034 /* GeoAPIModel.swift */ = {isa = PBXFileReference; lastKnownFileType = sourcecode.swift; path = GeoAPIModel.swift; sourceTree = "<group>"; };
		27A00DD8260A66E400890034 /* APISpec.swift */ = {isa = PBXFileReference; lastKnownFileType = sourcecode.swift; path = APISpec.swift; sourceTree = "<group>"; };
		27A00DDD260A692B00890034 /* NetworkService.swift */ = {isa = PBXFileReference; lastKnownFileType = sourcecode.swift; path = NetworkService.swift; sourceTree = "<group>"; };
		27A00DE2260A6EE800890034 /* MoyaProvider+Request.swift */ = {isa = PBXFileReference; lastKnownFileType = sourcecode.swift; path = "MoyaProvider+Request.swift"; sourceTree = "<group>"; };
		27A00DE7260A718A00890034 /* Networkable.swift */ = {isa = PBXFileReference; lastKnownFileType = sourcecode.swift; path = Networkable.swift; sourceTree = "<group>"; };
		27A00DF5260A89FD00890034 /* Healios.xcdatamodel */ = {isa = PBXFileReference; lastKnownFileType = wrapper.xcdatamodel; path = Healios.xcdatamodel; sourceTree = "<group>"; };
		27A00DFA260A8E0D00890034 /* AddressDBModel.swift */ = {isa = PBXFileReference; lastKnownFileType = sourcecode.swift; path = AddressDBModel.swift; sourceTree = "<group>"; };
		27A00DFF260A8E4E00890034 /* CoreDataManagedType.swift */ = {isa = PBXFileReference; lastKnownFileType = sourcecode.swift; path = CoreDataManagedType.swift; sourceTree = "<group>"; };
		27A00E04260A8E8B00890034 /* FetchedResultsControllerEntityObserver.swift */ = {isa = PBXFileReference; lastKnownFileType = sourcecode.swift; path = FetchedResultsControllerEntityObserver.swift; sourceTree = "<group>"; };
		27A00E09260A8F1200890034 /* NSManagedObjectContext+Rx.swift */ = {isa = PBXFileReference; lastKnownFileType = sourcecode.swift; path = "NSManagedObjectContext+Rx.swift"; sourceTree = "<group>"; };
		27A00E0E260A8F5D00890034 /* NSManagedObjectContext+Extensions.swift */ = {isa = PBXFileReference; lastKnownFileType = sourcecode.swift; path = "NSManagedObjectContext+Extensions.swift"; sourceTree = "<group>"; };
		27A00E13260A8FC000890034 /* CommentDBModel.swift */ = {isa = PBXFileReference; lastKnownFileType = sourcecode.swift; path = CommentDBModel.swift; sourceTree = "<group>"; };
		27A00E18260A913200890034 /* CompanyDBModel.swift */ = {isa = PBXFileReference; lastKnownFileType = sourcecode.swift; path = CompanyDBModel.swift; sourceTree = "<group>"; };
		27A00E1D260A917200890034 /* GeoDBModel.swift */ = {isa = PBXFileReference; lastKnownFileType = sourcecode.swift; path = GeoDBModel.swift; sourceTree = "<group>"; };
		27A00E22260A919F00890034 /* PostDBModel.swift */ = {isa = PBXFileReference; lastKnownFileType = sourcecode.swift; path = PostDBModel.swift; sourceTree = "<group>"; };
		27A00E27260A91D500890034 /* UserDBModel.swift */ = {isa = PBXFileReference; lastKnownFileType = sourcecode.swift; path = UserDBModel.swift; sourceTree = "<group>"; };
		27A00E2C260A936A00890034 /* CoreDataStack.swift */ = {isa = PBXFileReference; lastKnownFileType = sourcecode.swift; path = CoreDataStack.swift; sourceTree = "<group>"; };
		27A00E31260A94CF00890034 /* CoreDataPersistenceService.swift */ = {isa = PBXFileReference; lastKnownFileType = sourcecode.swift; path = CoreDataPersistenceService.swift; sourceTree = "<group>"; };
		27A00E37260B301A00890034 /* AddressModel.swift */ = {isa = PBXFileReference; lastKnownFileType = sourcecode.swift; path = AddressModel.swift; sourceTree = "<group>"; };
		27A00E3C260B302900890034 /* CommentModel.swift */ = {isa = PBXFileReference; lastKnownFileType = sourcecode.swift; path = CommentModel.swift; sourceTree = "<group>"; };
		27A00E41260B303D00890034 /* CompanyModel.swift */ = {isa = PBXFileReference; lastKnownFileType = sourcecode.swift; path = CompanyModel.swift; sourceTree = "<group>"; };
		27A00E46260B304D00890034 /* GeoModel.swift */ = {isa = PBXFileReference; lastKnownFileType = sourcecode.swift; path = GeoModel.swift; sourceTree = "<group>"; };
		27A00E4B260B306400890034 /* PostModel.swift */ = {isa = PBXFileReference; lastKnownFileType = sourcecode.swift; path = PostModel.swift; sourceTree = "<group>"; };
		27A00E50260B307700890034 /* UserModel.swift */ = {isa = PBXFileReference; lastKnownFileType = sourcecode.swift; path = UserModel.swift; sourceTree = "<group>"; };
		27A00E75260BC87A00890034 /* PersistenceProtocol.swift */ = {isa = PBXFileReference; lastKnownFileType = sourcecode.swift; path = PersistenceProtocol.swift; sourceTree = "<group>"; };
		27A00E7C260CB64200890034 /* PostsRepository.swift */ = {isa = PBXFileReference; lastKnownFileType = sourcecode.swift; path = PostsRepository.swift; sourceTree = "<group>"; };
		27A00E84260CB66000890034 /* PostsRepositoryProtocol.swift */ = {isa = PBXFileReference; lastKnownFileType = sourcecode.swift; path = PostsRepositoryProtocol.swift; sourceTree = "<group>"; };
		27A00E89260CBA6B00890034 /* PostsPresenter.swift */ = {isa = PBXFileReference; lastKnownFileType = sourcecode.swift; path = PostsPresenter.swift; sourceTree = "<group>"; };
		27A00E91260DE19600890034 /* PostsViewController+Design.swift */ = {isa = PBXFileReference; lastKnownFileType = sourcecode.swift; path = "PostsViewController+Design.swift"; sourceTree = "<group>"; };
		27A00E9A260DE8A400890034 /* RxDataSources+Section.swift */ = {isa = PBXFileReference; lastKnownFileType = sourcecode.swift; path = "RxDataSources+Section.swift"; sourceTree = "<group>"; };
		27A00EA3260DED2B00890034 /* PostListViewModel.swift */ = {isa = PBXFileReference; lastKnownFileType = sourcecode.swift; path = PostListViewModel.swift; sourceTree = "<group>"; };
		27A00EAC260DF1B000890034 /* PostCell.swift */ = {isa = PBXFileReference; lastKnownFileType = sourcecode.swift; path = PostCell.swift; sourceTree = "<group>"; };
		27A00EB5260DF7A200890034 /* UITableViewCell+Extensions.swift */ = {isa = PBXFileReference; lastKnownFileType = sourcecode.swift; path = "UITableViewCell+Extensions.swift"; sourceTree = "<group>"; };
		27A00EC4260E02D900890034 /* Sequence+Extensions.swift */ = {isa = PBXFileReference; lastKnownFileType = sourcecode.swift; path = "Sequence+Extensions.swift"; sourceTree = "<group>"; };
		27A00ECC260E03C100890034 /* PostDetailsViewController.swift */ = {isa = PBXFileReference; lastKnownFileType = sourcecode.swift; path = PostDetailsViewController.swift; sourceTree = "<group>"; };
		27A00ED1260E03D700890034 /* PostDetailsPresenter.swift */ = {isa = PBXFileReference; lastKnownFileType = sourcecode.swift; path = PostDetailsPresenter.swift; sourceTree = "<group>"; };
		27A00ED6260E043000890034 /* PostDetailsViewController+Design.swift */ = {isa = PBXFileReference; lastKnownFileType = sourcecode.swift; path = "PostDetailsViewController+Design.swift"; sourceTree = "<group>"; };
		27A00EE0260E048A00890034 /* PostDetailsViewModel.swift */ = {isa = PBXFileReference; lastKnownFileType = sourcecode.swift; path = PostDetailsViewModel.swift; sourceTree = "<group>"; };
		27A00EE8260E04F000890034 /* UserViewModel.swift */ = {isa = PBXFileReference; lastKnownFileType = sourcecode.swift; path = UserViewModel.swift; sourceTree = "<group>"; };
		27A00EED260E051200890034 /* CommentViewModel.swift */ = {isa = PBXFileReference; lastKnownFileType = sourcecode.swift; path = CommentViewModel.swift; sourceTree = "<group>"; };
		27A00F06260E3C3B00890034 /* CommentCell.swift */ = {isa = PBXFileReference; lastKnownFileType = sourcecode.swift; path = CommentCell.swift; sourceTree = "<group>"; };
		27A9E3A02609285100E5D8D2 /* Healios.app */ = {isa = PBXFileReference; explicitFileType = wrapper.application; includeInIndex = 0; path = Healios.app; sourceTree = BUILT_PRODUCTS_DIR; };
		27A9E3A32609285100E5D8D2 /* AppDelegate.swift */ = {isa = PBXFileReference; lastKnownFileType = sourcecode.swift; path = AppDelegate.swift; sourceTree = "<group>"; };
		27A9E3A52609285100E5D8D2 /* SceneDelegate.swift */ = {isa = PBXFileReference; lastKnownFileType = sourcecode.swift; path = SceneDelegate.swift; sourceTree = "<group>"; };
		27A9E3AC2609285400E5D8D2 /* Assets.xcassets */ = {isa = PBXFileReference; lastKnownFileType = folder.assetcatalog; path = Assets.xcassets; sourceTree = "<group>"; };
		27A9E3AF2609285400E5D8D2 /* Base */ = {isa = PBXFileReference; lastKnownFileType = file.storyboard; name = Base; path = Base.lproj/LaunchScreen.storyboard; sourceTree = "<group>"; };
		27A9E3B12609285400E5D8D2 /* Info.plist */ = {isa = PBXFileReference; lastKnownFileType = text.plist.xml; path = Info.plist; sourceTree = "<group>"; };
		27A9E3B62609285400E5D8D2 /* HealiosTests.xctest */ = {isa = PBXFileReference; explicitFileType = wrapper.cfbundle; includeInIndex = 0; path = HealiosTests.xctest; sourceTree = BUILT_PRODUCTS_DIR; };
		27A9E3BA2609285400E5D8D2 /* HealiosTests.swift */ = {isa = PBXFileReference; lastKnownFileType = sourcecode.swift; path = HealiosTests.swift; sourceTree = "<group>"; };
		27A9E3BC2609285400E5D8D2 /* Info.plist */ = {isa = PBXFileReference; lastKnownFileType = text.plist.xml; path = Info.plist; sourceTree = "<group>"; };
		27A9E3C12609285400E5D8D2 /* HealiosUITests.xctest */ = {isa = PBXFileReference; explicitFileType = wrapper.cfbundle; includeInIndex = 0; path = HealiosUITests.xctest; sourceTree = BUILT_PRODUCTS_DIR; };
		27A9E3C52609285400E5D8D2 /* HealiosUITests.swift */ = {isa = PBXFileReference; lastKnownFileType = sourcecode.swift; path = HealiosUITests.swift; sourceTree = "<group>"; };
		27A9E3C72609285400E5D8D2 /* Info.plist */ = {isa = PBXFileReference; lastKnownFileType = text.plist.xml; path = Info.plist; sourceTree = "<group>"; };
		27A9E3DB260931E600E5D8D2 /* AppModule.swift */ = {isa = PBXFileReference; lastKnownFileType = sourcecode.swift; path = AppModule.swift; sourceTree = "<group>"; };
		27A9E3E6260933EC00E5D8D2 /* PostsViewController.swift */ = {isa = PBXFileReference; lastKnownFileType = sourcecode.swift; path = PostsViewController.swift; sourceTree = "<group>"; };
		27A9E3FB260935F900E5D8D2 /* AppRouter.swift */ = {isa = PBXFileReference; lastKnownFileType = sourcecode.swift; path = AppRouter.swift; sourceTree = "<group>"; };
		27A9E402260938C400E5D8D2 /* Factory.swift */ = {isa = PBXFileReference; lastKnownFileType = sourcecode.swift; path = Factory.swift; sourceTree = "<group>"; };
		64E912A4C0836D514AAA2010 /* Pods-Healios.release.xcconfig */ = {isa = PBXFileReference; includeInIndex = 1; lastKnownFileType = text.xcconfig; name = "Pods-Healios.release.xcconfig"; path = "Target Support Files/Pods-Healios/Pods-Healios.release.xcconfig"; sourceTree = "<group>"; };
		F01EE5919F422AE093B200A8 /* Pods-Healios.debug.xcconfig */ = {isa = PBXFileReference; includeInIndex = 1; lastKnownFileType = text.xcconfig; name = "Pods-Healios.debug.xcconfig"; path = "Target Support Files/Pods-Healios/Pods-Healios.debug.xcconfig"; sourceTree = "<group>"; };
		F497C3D18CFDF881AA6FE64B /* Pods_Healios.framework */ = {isa = PBXFileReference; explicitFileType = wrapper.framework; includeInIndex = 0; path = Pods_Healios.framework; sourceTree = BUILT_PRODUCTS_DIR; };
/* End PBXFileReference section */

/* Begin PBXFrameworksBuildPhase section */
		27A9E39D2609285100E5D8D2 /* Frameworks */ = {
			isa = PBXFrameworksBuildPhase;
			buildActionMask = 2147483647;
			files = (
				976E7A776581E734FCE5FEB1 /* Pods_Healios.framework in Frameworks */,
			);
			runOnlyForDeploymentPostprocessing = 0;
		};
		27A9E3B32609285400E5D8D2 /* Frameworks */ = {
			isa = PBXFrameworksBuildPhase;
			buildActionMask = 2147483647;
			files = (
			);
			runOnlyForDeploymentPostprocessing = 0;
		};
		27A9E3BE2609285400E5D8D2 /* Frameworks */ = {
			isa = PBXFrameworksBuildPhase;
			buildActionMask = 2147483647;
			files = (
			);
			runOnlyForDeploymentPostprocessing = 0;
		};
/* End PBXFrameworksBuildPhase section */

/* Begin PBXGroup section */
		27A00DB5260A61FB00890034 /* API */ = {
			isa = PBXGroup;
			children = (
				27A00DB6260A622A00890034 /* Models */,
				27A00DD8260A66E400890034 /* APISpec.swift */,
				27A00DDD260A692B00890034 /* NetworkService.swift */,
				27A00DE7260A718A00890034 /* Networkable.swift */,
				27A00DE2260A6EE800890034 /* MoyaProvider+Request.swift */,
			);
			path = API;
			sourceTree = "<group>";
		};
		27A00DB6260A622A00890034 /* Models */ = {
			isa = PBXGroup;
			children = (
				27A00DB7260A63AB00890034 /* PostAPIModel.swift */,
				27A00DBF260A63D900890034 /* UserAPIModel.swift */,
				27A00DC4260A63E900890034 /* CommentAPIModel.swift */,
				27A00DC9260A63F800890034 /* AddressAPIModel.swift */,
				27A00DCE260A640900890034 /* CompanyAPIModel.swift */,
				27A00DD3260A641800890034 /* GeoAPIModel.swift */,
			);
			path = Models;
			sourceTree = "<group>";
		};
		27A00DEF260A879F00890034 /* Persistence */ = {
			isa = PBXGroup;
			children = (
				27A00DF0260A899F00890034 /* CoreData */,
				27A00E36260B2D1A00890034 /* Models */,
				27A00E75260BC87A00890034 /* PersistenceProtocol.swift */,
			);
			path = Persistence;
			sourceTree = "<group>";
		};
		27A00DF0260A899F00890034 /* CoreData */ = {
			isa = PBXGroup;
			children = (
				27A00DF2260A89B100890034 /* Models */,
				27A00DF1260A89A900890034 /* Setup */,
			);
			path = CoreData;
			sourceTree = "<group>";
		};
		27A00DF1260A89A900890034 /* Setup */ = {
			isa = PBXGroup;
			children = (
				27A00DFF260A8E4E00890034 /* CoreDataManagedType.swift */,
				27A00E04260A8E8B00890034 /* FetchedResultsControllerEntityObserver.swift */,
				27A00E09260A8F1200890034 /* NSManagedObjectContext+Rx.swift */,
				27A00E0E260A8F5D00890034 /* NSManagedObjectContext+Extensions.swift */,
				27A00E2C260A936A00890034 /* CoreDataStack.swift */,
				27A00E31260A94CF00890034 /* CoreDataPersistenceService.swift */,
			);
			path = Setup;
			sourceTree = "<group>";
		};
		27A00DF2260A89B100890034 /* Models */ = {
			isa = PBXGroup;
			children = (
				27A00DF3260A89E500890034 /* Generated */,
				27A00DF4260A89FD00890034 /* Healios.xcdatamodeld */,
			);
			path = Models;
			sourceTree = "<group>";
		};
		27A00DF3260A89E500890034 /* Generated */ = {
			isa = PBXGroup;
			children = (
				27A00DFA260A8E0D00890034 /* AddressDBModel.swift */,
				27A00E13260A8FC000890034 /* CommentDBModel.swift */,
				27A00E18260A913200890034 /* CompanyDBModel.swift */,
				27A00E1D260A917200890034 /* GeoDBModel.swift */,
				27A00E22260A919F00890034 /* PostDBModel.swift */,
				27A00E27260A91D500890034 /* UserDBModel.swift */,
			);
			path = Generated;
			sourceTree = "<group>";
		};
		27A00E36260B2D1A00890034 /* Models */ = {
			isa = PBXGroup;
			children = (
				27A00E37260B301A00890034 /* AddressModel.swift */,
				27A00E3C260B302900890034 /* CommentModel.swift */,
				27A00E41260B303D00890034 /* CompanyModel.swift */,
				27A00E46260B304D00890034 /* GeoModel.swift */,
				27A00E4B260B306400890034 /* PostModel.swift */,
				27A00E50260B307700890034 /* UserModel.swift */,
			);
			path = Models;
			sourceTree = "<group>";
		};
		27A00E7A260CB62300890034 /* Data */ = {
			isa = PBXGroup;
			children = (
				27A00E7B260CB62A00890034 /* Repository */,
			);
			path = Data;
			sourceTree = "<group>";
		};
		27A00E7B260CB62A00890034 /* Repository */ = {
			isa = PBXGroup;
			children = (
				27A00E7C260CB64200890034 /* PostsRepository.swift */,
				27A00E84260CB66000890034 /* PostsRepositoryProtocol.swift */,
			);
			path = Repository;
			sourceTree = "<group>";
		};
		27A00E99260DE88900890034 /* Rx */ = {
			isa = PBXGroup;
			children = (
				27A00E9A260DE8A400890034 /* RxDataSources+Section.swift */,
			);
			path = Rx;
			sourceTree = "<group>";
		};
		27A00EA2260DE93F00890034 /* ViewModels */ = {
			isa = PBXGroup;
			children = (
				27A00EA3260DED2B00890034 /* PostListViewModel.swift */,
			);
			path = ViewModels;
			sourceTree = "<group>";
		};
		27A00EAB260DF19000890034 /* Cells */ = {
			isa = PBXGroup;
			children = (
				27A00EAC260DF1B000890034 /* PostCell.swift */,
			);
			path = Cells;
			sourceTree = "<group>";
		};
		27A00EB4260DF78E00890034 /* UIExtensions */ = {
			isa = PBXGroup;
			children = (
				27A00EB5260DF7A200890034 /* UITableViewCell+Extensions.swift */,
			);
			path = UIExtensions;
			sourceTree = "<group>";
		};
		27A00EC3260E02C600890034 /* Foundation */ = {
			isa = PBXGroup;
			children = (
				27A00EC4260E02D900890034 /* Sequence+Extensions.swift */,
			);
			path = Foundation;
			sourceTree = "<group>";
		};
		27A00EDE260E045400890034 /* Cells */ = {
			isa = PBXGroup;
			children = (
				27A00F06260E3C3B00890034 /* CommentCell.swift */,
			);
			path = Cells;
			sourceTree = "<group>";
		};
		27A00EDF260E045A00890034 /* ViewModels */ = {
			isa = PBXGroup;
			children = (
				27A00EE0260E048A00890034 /* PostDetailsViewModel.swift */,
				27A00EE8260E04F000890034 /* UserViewModel.swift */,
				27A00EED260E051200890034 /* CommentViewModel.swift */,
			);
			path = ViewModels;
			sourceTree = "<group>";
		};
		27A9E3972609285100E5D8D2 = {
			isa = PBXGroup;
			children = (
				27A9E3A22609285100E5D8D2 /* Healios */,
				27A9E3B92609285400E5D8D2 /* HealiosTests */,
				27A9E3C42609285400E5D8D2 /* HealiosUITests */,
				27A9E3A12609285100E5D8D2 /* Products */,
				A03892CB8D2A9FF64EDC57DE /* Pods */,
				D6D0DDF00D7BD2540D8D2A83 /* Frameworks */,
			);
			sourceTree = "<group>";
		};
		27A9E3A12609285100E5D8D2 /* Products */ = {
			isa = PBXGroup;
			children = (
				27A9E3A02609285100E5D8D2 /* Healios.app */,
				27A9E3B62609285400E5D8D2 /* HealiosTests.xctest */,
				27A9E3C12609285400E5D8D2 /* HealiosUITests.xctest */,
			);
			name = Products;
			sourceTree = "<group>";
		};
		27A9E3A22609285100E5D8D2 /* Healios */ = {
			isa = PBXGroup;
			children = (
				27A9E3E02609329500E5D8D2 /* App */,
				27A9E400260937ED00E5D8D2 /* Core */,
				27A00DEF260A879F00890034 /* Persistence */,
				27A00DB5260A61FB00890034 /* API */,
				27A9E3E12609329D00E5D8D2 /* Features */,
				27A9E3AC2609285400E5D8D2 /* Assets.xcassets */,
				27A9E3AE2609285400E5D8D2 /* LaunchScreen.storyboard */,
				27A9E3B12609285400E5D8D2 /* Info.plist */,
			);
			path = Healios;
			sourceTree = "<group>";
		};
		27A9E3B92609285400E5D8D2 /* HealiosTests */ = {
			isa = PBXGroup;
			children = (
				27A9E3BA2609285400E5D8D2 /* HealiosTests.swift */,
				27A9E3BC2609285400E5D8D2 /* Info.plist */,
			);
			path = HealiosTests;
			sourceTree = "<group>";
		};
		27A9E3C42609285400E5D8D2 /* HealiosUITests */ = {
			isa = PBXGroup;
			children = (
				27A9E3C52609285400E5D8D2 /* HealiosUITests.swift */,
				27A9E3C72609285400E5D8D2 /* Info.plist */,
			);
			path = HealiosUITests;
			sourceTree = "<group>";
		};
		27A9E3E02609329500E5D8D2 /* App */ = {
			isa = PBXGroup;
			children = (
				27A9E3A32609285100E5D8D2 /* AppDelegate.swift */,
				27A9E3A52609285100E5D8D2 /* SceneDelegate.swift */,
				27A9E3DB260931E600E5D8D2 /* AppModule.swift */,
				27A9E3FB260935F900E5D8D2 /* AppRouter.swift */,
			);
			path = App;
			sourceTree = "<group>";
		};
		27A9E3E12609329D00E5D8D2 /* Features */ = {
			isa = PBXGroup;
			children = (
				27A9E3E2260932AA00E5D8D2 /* Posts */,
			);
			path = Features;
			sourceTree = "<group>";
		};
		27A9E3E2260932AA00E5D8D2 /* Posts */ = {
			isa = PBXGroup;
			children = (
				27A00E7A260CB62300890034 /* Data */,
				27A9E3E32609333400E5D8D2 /* UI */,
			);
			path = Posts;
			sourceTree = "<group>";
		};
		27A9E3E32609333400E5D8D2 /* UI */ = {
			isa = PBXGroup;
			children = (
				27A9E3E42609333F00E5D8D2 /* Posts */,
				27A9E3E52609334800E5D8D2 /* PostDetails */,
			);
			path = UI;
			sourceTree = "<group>";
		};
		27A9E3E42609333F00E5D8D2 /* Posts */ = {
			isa = PBXGroup;
			children = (
				27A00EAB260DF19000890034 /* Cells */,
				27A00EA2260DE93F00890034 /* ViewModels */,
				27A00E89260CBA6B00890034 /* PostsPresenter.swift */,
				27A9E3E6260933EC00E5D8D2 /* PostsViewController.swift */,
				27A00E91260DE19600890034 /* PostsViewController+Design.swift */,
			);
			path = Posts;
			sourceTree = "<group>";
		};
		27A9E3E52609334800E5D8D2 /* PostDetails */ = {
			isa = PBXGroup;
			children = (
				27A00EDE260E045400890034 /* Cells */,
				27A00EDF260E045A00890034 /* ViewModels */,
				27A00ED1260E03D700890034 /* PostDetailsPresenter.swift */,
				27A00ECC260E03C100890034 /* PostDetailsViewController.swift */,
				27A00ED6260E043000890034 /* PostDetailsViewController+Design.swift */,
			);
			path = PostDetails;
			sourceTree = "<group>";
		};
		27A9E400260937ED00E5D8D2 /* Core */ = {
			isa = PBXGroup;
			children = (
				27A9E4012609380100E5D8D2 /* DependencyInjection */,
				27A00E99260DE88900890034 /* Rx */,
				27A00EC3260E02C600890034 /* Foundation */,
				27A00EB4260DF78E00890034 /* UIExtensions */,
			);
			path = Core;
			sourceTree = "<group>";
		};
		27A9E4012609380100E5D8D2 /* DependencyInjection */ = {
			isa = PBXGroup;
			children = (
				27A9E402260938C400E5D8D2 /* Factory.swift */,
			);
			path = DependencyInjection;
			sourceTree = "<group>";
		};
		A03892CB8D2A9FF64EDC57DE /* Pods */ = {
			isa = PBXGroup;
			children = (
				F01EE5919F422AE093B200A8 /* Pods-Healios.debug.xcconfig */,
				64E912A4C0836D514AAA2010 /* Pods-Healios.release.xcconfig */,
			);
			path = Pods;
			sourceTree = "<group>";
		};
		D6D0DDF00D7BD2540D8D2A83 /* Frameworks */ = {
			isa = PBXGroup;
			children = (
				F497C3D18CFDF881AA6FE64B /* Pods_Healios.framework */,
			);
			name = Frameworks;
			sourceTree = "<group>";
		};
/* End PBXGroup section */

/* Begin PBXNativeTarget section */
		27A9E39F2609285100E5D8D2 /* Healios */ = {
			isa = PBXNativeTarget;
			buildConfigurationList = 27A9E3CA2609285400E5D8D2 /* Build configuration list for PBXNativeTarget "Healios" */;
			buildPhases = (
				01D60E8C3620367A7355EDC4 /* [CP] Check Pods Manifest.lock */,
				27A9E39C2609285100E5D8D2 /* Sources */,
				27A9E39D2609285100E5D8D2 /* Frameworks */,
				27A9E39E2609285100E5D8D2 /* Resources */,
				88931AEC92A1B27FA43DFC27 /* [CP] Embed Pods Frameworks */,
			);
			buildRules = (
			);
			dependencies = (
			);
			name = Healios;
			productName = Healios;
			productReference = 27A9E3A02609285100E5D8D2 /* Healios.app */;
			productType = "com.apple.product-type.application";
		};
		27A9E3B52609285400E5D8D2 /* HealiosTests */ = {
			isa = PBXNativeTarget;
			buildConfigurationList = 27A9E3CD2609285400E5D8D2 /* Build configuration list for PBXNativeTarget "HealiosTests" */;
			buildPhases = (
				27A9E3B22609285400E5D8D2 /* Sources */,
				27A9E3B32609285400E5D8D2 /* Frameworks */,
				27A9E3B42609285400E5D8D2 /* Resources */,
			);
			buildRules = (
			);
			dependencies = (
				27A9E3B82609285400E5D8D2 /* PBXTargetDependency */,
			);
			name = HealiosTests;
			productName = HealiosTests;
			productReference = 27A9E3B62609285400E5D8D2 /* HealiosTests.xctest */;
			productType = "com.apple.product-type.bundle.unit-test";
		};
		27A9E3C02609285400E5D8D2 /* HealiosUITests */ = {
			isa = PBXNativeTarget;
			buildConfigurationList = 27A9E3D02609285400E5D8D2 /* Build configuration list for PBXNativeTarget "HealiosUITests" */;
			buildPhases = (
				27A9E3BD2609285400E5D8D2 /* Sources */,
				27A9E3BE2609285400E5D8D2 /* Frameworks */,
				27A9E3BF2609285400E5D8D2 /* Resources */,
			);
			buildRules = (
			);
			dependencies = (
				27A9E3C32609285400E5D8D2 /* PBXTargetDependency */,
			);
			name = HealiosUITests;
			productName = HealiosUITests;
			productReference = 27A9E3C12609285400E5D8D2 /* HealiosUITests.xctest */;
			productType = "com.apple.product-type.bundle.ui-testing";
		};
/* End PBXNativeTarget section */

/* Begin PBXProject section */
		27A9E3982609285100E5D8D2 /* Project object */ = {
			isa = PBXProject;
			attributes = {
				LastSwiftUpdateCheck = 1240;
				LastUpgradeCheck = 1240;
				TargetAttributes = {
					27A9E39F2609285100E5D8D2 = {
						CreatedOnToolsVersion = 12.4;
					};
					27A9E3B52609285400E5D8D2 = {
						CreatedOnToolsVersion = 12.4;
						TestTargetID = 27A9E39F2609285100E5D8D2;
					};
					27A9E3C02609285400E5D8D2 = {
						CreatedOnToolsVersion = 12.4;
						TestTargetID = 27A9E39F2609285100E5D8D2;
					};
				};
			};
			buildConfigurationList = 27A9E39B2609285100E5D8D2 /* Build configuration list for PBXProject "Healios" */;
			compatibilityVersion = "Xcode 9.3";
			developmentRegion = en;
			hasScannedForEncodings = 0;
			knownRegions = (
				en,
				Base,
			);
			mainGroup = 27A9E3972609285100E5D8D2;
			productRefGroup = 27A9E3A12609285100E5D8D2 /* Products */;
			projectDirPath = "";
			projectRoot = "";
			targets = (
				27A9E39F2609285100E5D8D2 /* Healios */,
				27A9E3B52609285400E5D8D2 /* HealiosTests */,
				27A9E3C02609285400E5D8D2 /* HealiosUITests */,
			);
		};
/* End PBXProject section */

/* Begin PBXResourcesBuildPhase section */
		27A9E39E2609285100E5D8D2 /* Resources */ = {
			isa = PBXResourcesBuildPhase;
			buildActionMask = 2147483647;
			files = (
				27A9E3B02609285400E5D8D2 /* LaunchScreen.storyboard in Resources */,
				27A9E3AD2609285400E5D8D2 /* Assets.xcassets in Resources */,
			);
			runOnlyForDeploymentPostprocessing = 0;
		};
		27A9E3B42609285400E5D8D2 /* Resources */ = {
			isa = PBXResourcesBuildPhase;
			buildActionMask = 2147483647;
			files = (
			);
			runOnlyForDeploymentPostprocessing = 0;
		};
		27A9E3BF2609285400E5D8D2 /* Resources */ = {
			isa = PBXResourcesBuildPhase;
			buildActionMask = 2147483647;
			files = (
			);
			runOnlyForDeploymentPostprocessing = 0;
		};
/* End PBXResourcesBuildPhase section */

/* Begin PBXShellScriptBuildPhase section */
		01D60E8C3620367A7355EDC4 /* [CP] Check Pods Manifest.lock */ = {
			isa = PBXShellScriptBuildPhase;
			buildActionMask = 2147483647;
			files = (
			);
			inputFileListPaths = (
			);
			inputPaths = (
				"${PODS_PODFILE_DIR_PATH}/Podfile.lock",
				"${PODS_ROOT}/Manifest.lock",
			);
			name = "[CP] Check Pods Manifest.lock";
			outputFileListPaths = (
			);
			outputPaths = (
				"$(DERIVED_FILE_DIR)/Pods-Healios-checkManifestLockResult.txt",
			);
			runOnlyForDeploymentPostprocessing = 0;
			shellPath = /bin/sh;
			shellScript = "diff \"${PODS_PODFILE_DIR_PATH}/Podfile.lock\" \"${PODS_ROOT}/Manifest.lock\" > /dev/null\nif [ $? != 0 ] ; then\n    # print error to STDERR\n    echo \"error: The sandbox is not in sync with the Podfile.lock. Run 'pod install' or update your CocoaPods installation.\" >&2\n    exit 1\nfi\n# This output is used by Xcode 'outputs' to avoid re-running this script phase.\necho \"SUCCESS\" > \"${SCRIPT_OUTPUT_FILE_0}\"\n";
			showEnvVarsInLog = 0;
		};
		88931AEC92A1B27FA43DFC27 /* [CP] Embed Pods Frameworks */ = {
			isa = PBXShellScriptBuildPhase;
			buildActionMask = 2147483647;
			files = (
			);
			inputFileListPaths = (
				"${PODS_ROOT}/Target Support Files/Pods-Healios/Pods-Healios-frameworks-${CONFIGURATION}-input-files.xcfilelist",
			);
			name = "[CP] Embed Pods Frameworks";
			outputFileListPaths = (
				"${PODS_ROOT}/Target Support Files/Pods-Healios/Pods-Healios-frameworks-${CONFIGURATION}-output-files.xcfilelist",
			);
			runOnlyForDeploymentPostprocessing = 0;
			shellPath = /bin/sh;
			shellScript = "\"${PODS_ROOT}/Target Support Files/Pods-Healios/Pods-Healios-frameworks.sh\"\n";
			showEnvVarsInLog = 0;
		};
/* End PBXShellScriptBuildPhase section */

/* Begin PBXSourcesBuildPhase section */
		27A9E39C2609285100E5D8D2 /* Sources */ = {
			isa = PBXSourcesBuildPhase;
			buildActionMask = 2147483647;
			files = (
				27A00E92260DE19600890034 /* PostsViewController+Design.swift in Sources */,
				27A00ED7260E043000890034 /* PostDetailsViewController+Design.swift in Sources */,
				27A00DB8260A63AB00890034 /* PostAPIModel.swift in Sources */,
				27A00DF6260A89FD00890034 /* Healios.xcdatamodeld in Sources */,
				27A00DFB260A8E0D00890034 /* AddressDBModel.swift in Sources */,
				27A00E28260A91D500890034 /* UserDBModel.swift in Sources */,
				27A00ED2260E03D700890034 /* PostDetailsPresenter.swift in Sources */,
				27A9E3DC260931E600E5D8D2 /* AppModule.swift in Sources */,
				27A00DD4260A641800890034 /* GeoAPIModel.swift in Sources */,
				27A00E19260A913200890034 /* CompanyDBModel.swift in Sources */,
				27A00E2D260A936A00890034 /* CoreDataStack.swift in Sources */,
				27A00ECD260E03C100890034 /* PostDetailsViewController.swift in Sources */,
				27A00E51260B307700890034 /* UserModel.swift in Sources */,
				27A00E0A260A8F1200890034 /* NSManagedObjectContext+Rx.swift in Sources */,
				27A9E3FC260935F900E5D8D2 /* AppRouter.swift in Sources */,
				27A00E85260CB66000890034 /* PostsRepositoryProtocol.swift in Sources */,
				27A00E76260BC87A00890034 /* PersistenceProtocol.swift in Sources */,
				27A00EA4260DED2B00890034 /* PostListViewModel.swift in Sources */,
				27A00EEE260E051200890034 /* CommentViewModel.swift in Sources */,
				27A9E3A42609285100E5D8D2 /* AppDelegate.swift in Sources */,
				27A00EE1260E048A00890034 /* PostDetailsViewModel.swift in Sources */,
				27A9E3A62609285100E5D8D2 /* SceneDelegate.swift in Sources */,
				27A00DDE260A692B00890034 /* NetworkService.swift in Sources */,
				27A00EB6260DF7A200890034 /* UITableViewCell+Extensions.swift in Sources */,
				27A00EE9260E04F000890034 /* UserViewModel.swift in Sources */,
				27A00E32260A94CF00890034 /* CoreDataPersistenceService.swift in Sources */,
				27A00E47260B304D00890034 /* GeoModel.swift in Sources */,
				27A00E38260B301A00890034 /* AddressModel.swift in Sources */,
				27A00DE3260A6EE800890034 /* MoyaProvider+Request.swift in Sources */,
				27A00DCA260A63F800890034 /* AddressAPIModel.swift in Sources */,
				27A9E3E8260933EC00E5D8D2 /* PostsViewController.swift in Sources */,
				27A00DE8260A718A00890034 /* Networkable.swift in Sources */,
				27A00E7D260CB64200890034 /* PostsRepository.swift in Sources */,
				27A00EC5260E02DA00890034 /* Sequence+Extensions.swift in Sources */,
				27A00DC5260A63E900890034 /* CommentAPIModel.swift in Sources */,
				27A00E4C260B306400890034 /* PostModel.swift in Sources */,
				27A00E3D260B302900890034 /* CommentModel.swift in Sources */,
				27A00EAD260DF1B000890034 /* PostCell.swift in Sources */,
				27A00E42260B303D00890034 /* CompanyModel.swift in Sources */,
				27A00F07260E3C3B00890034 /* CommentCell.swift in Sources */,
				27A00E14260A8FC000890034 /* CommentDBModel.swift in Sources */,
				27A00E9B260DE8A400890034 /* RxDataSources+Section.swift in Sources */,
				27A00DCF260A640900890034 /* CompanyAPIModel.swift in Sources */,
				27A00DD9260A66E400890034 /* APISpec.swift in Sources */,
				27A00E8A260CBA6B00890034 /* PostsPresenter.swift in Sources */,
				27A9E403260938C400E5D8D2 /* Factory.swift in Sources */,
				27A00E05260A8E8B00890034 /* FetchedResultsControllerEntityObserver.swift in Sources */,
				27A00E23260A919F00890034 /* PostDBModel.swift in Sources */,
				27A00E0F260A8F5D00890034 /* NSManagedObjectContext+Extensions.swift in Sources */,
				27A00E00260A8E4E00890034 /* CoreDataManagedType.swift in Sources */,
				27A00DC0260A63D900890034 /* UserAPIModel.swift in Sources */,
				27A00E1E260A917200890034 /* GeoDBModel.swift in Sources */,
			);
			runOnlyForDeploymentPostprocessing = 0;
		};
		27A9E3B22609285400E5D8D2 /* Sources */ = {
			isa = PBXSourcesBuildPhase;
			buildActionMask = 2147483647;
			files = (
				27A9E3BB2609285400E5D8D2 /* HealiosTests.swift in Sources */,
			);
			runOnlyForDeploymentPostprocessing = 0;
		};
		27A9E3BD2609285400E5D8D2 /* Sources */ = {
			isa = PBXSourcesBuildPhase;
			buildActionMask = 2147483647;
			files = (
				27A9E3C62609285400E5D8D2 /* HealiosUITests.swift in Sources */,
			);
			runOnlyForDeploymentPostprocessing = 0;
		};
/* End PBXSourcesBuildPhase section */

/* Begin PBXTargetDependency section */
		27A9E3B82609285400E5D8D2 /* PBXTargetDependency */ = {
			isa = PBXTargetDependency;
			target = 27A9E39F2609285100E5D8D2 /* Healios */;
			targetProxy = 27A9E3B72609285400E5D8D2 /* PBXContainerItemProxy */;
		};
		27A9E3C32609285400E5D8D2 /* PBXTargetDependency */ = {
			isa = PBXTargetDependency;
			target = 27A9E39F2609285100E5D8D2 /* Healios */;
			targetProxy = 27A9E3C22609285400E5D8D2 /* PBXContainerItemProxy */;
		};
/* End PBXTargetDependency section */

/* Begin PBXVariantGroup section */
		27A9E3AE2609285400E5D8D2 /* LaunchScreen.storyboard */ = {
			isa = PBXVariantGroup;
			children = (
				27A9E3AF2609285400E5D8D2 /* Base */,
			);
			name = LaunchScreen.storyboard;
			sourceTree = "<group>";
		};
/* End PBXVariantGroup section */

/* Begin XCBuildConfiguration section */
		27A9E3C82609285400E5D8D2 /* Debug */ = {
			isa = XCBuildConfiguration;
			buildSettings = {
				ALWAYS_SEARCH_USER_PATHS = NO;
				CLANG_ANALYZER_NONNULL = YES;
				CLANG_ANALYZER_NUMBER_OBJECT_CONVERSION = YES_AGGRESSIVE;
				CLANG_CXX_LANGUAGE_STANDARD = "gnu++14";
				CLANG_CXX_LIBRARY = "libc++";
				CLANG_ENABLE_MODULES = YES;
				CLANG_ENABLE_OBJC_ARC = YES;
				CLANG_ENABLE_OBJC_WEAK = YES;
				CLANG_WARN_BLOCK_CAPTURE_AUTORELEASING = YES;
				CLANG_WARN_BOOL_CONVERSION = YES;
				CLANG_WARN_COMMA = YES;
				CLANG_WARN_CONSTANT_CONVERSION = YES;
				CLANG_WARN_DEPRECATED_OBJC_IMPLEMENTATIONS = YES;
				CLANG_WARN_DIRECT_OBJC_ISA_USAGE = YES_ERROR;
				CLANG_WARN_DOCUMENTATION_COMMENTS = YES;
				CLANG_WARN_EMPTY_BODY = YES;
				CLANG_WARN_ENUM_CONVERSION = YES;
				CLANG_WARN_INFINITE_RECURSION = YES;
				CLANG_WARN_INT_CONVERSION = YES;
				CLANG_WARN_NON_LITERAL_NULL_CONVERSION = YES;
				CLANG_WARN_OBJC_IMPLICIT_RETAIN_SELF = YES;
				CLANG_WARN_OBJC_LITERAL_CONVERSION = YES;
				CLANG_WARN_OBJC_ROOT_CLASS = YES_ERROR;
				CLANG_WARN_QUOTED_INCLUDE_IN_FRAMEWORK_HEADER = YES;
				CLANG_WARN_RANGE_LOOP_ANALYSIS = YES;
				CLANG_WARN_STRICT_PROTOTYPES = YES;
				CLANG_WARN_SUSPICIOUS_MOVE = YES;
				CLANG_WARN_UNGUARDED_AVAILABILITY = YES_AGGRESSIVE;
				CLANG_WARN_UNREACHABLE_CODE = YES;
				CLANG_WARN__DUPLICATE_METHOD_MATCH = YES;
				COPY_PHASE_STRIP = NO;
				DEBUG_INFORMATION_FORMAT = dwarf;
				ENABLE_STRICT_OBJC_MSGSEND = YES;
				ENABLE_TESTABILITY = YES;
				GCC_C_LANGUAGE_STANDARD = gnu11;
				GCC_DYNAMIC_NO_PIC = NO;
				GCC_NO_COMMON_BLOCKS = YES;
				GCC_OPTIMIZATION_LEVEL = 0;
				GCC_PREPROCESSOR_DEFINITIONS = (
					"DEBUG=1",
					"$(inherited)",
				);
				GCC_WARN_64_TO_32_BIT_CONVERSION = YES;
				GCC_WARN_ABOUT_RETURN_TYPE = YES_ERROR;
				GCC_WARN_UNDECLARED_SELECTOR = YES;
				GCC_WARN_UNINITIALIZED_AUTOS = YES_AGGRESSIVE;
				GCC_WARN_UNUSED_FUNCTION = YES;
				GCC_WARN_UNUSED_VARIABLE = YES;
				IPHONEOS_DEPLOYMENT_TARGET = 14.4;
				MTL_ENABLE_DEBUG_INFO = INCLUDE_SOURCE;
				MTL_FAST_MATH = YES;
				ONLY_ACTIVE_ARCH = YES;
				SDKROOT = iphoneos;
				SWIFT_ACTIVE_COMPILATION_CONDITIONS = DEBUG;
				SWIFT_OPTIMIZATION_LEVEL = "-Onone";
			};
			name = Debug;
		};
		27A9E3C92609285400E5D8D2 /* Release */ = {
			isa = XCBuildConfiguration;
			buildSettings = {
				ALWAYS_SEARCH_USER_PATHS = NO;
				CLANG_ANALYZER_NONNULL = YES;
				CLANG_ANALYZER_NUMBER_OBJECT_CONVERSION = YES_AGGRESSIVE;
				CLANG_CXX_LANGUAGE_STANDARD = "gnu++14";
				CLANG_CXX_LIBRARY = "libc++";
				CLANG_ENABLE_MODULES = YES;
				CLANG_ENABLE_OBJC_ARC = YES;
				CLANG_ENABLE_OBJC_WEAK = YES;
				CLANG_WARN_BLOCK_CAPTURE_AUTORELEASING = YES;
				CLANG_WARN_BOOL_CONVERSION = YES;
				CLANG_WARN_COMMA = YES;
				CLANG_WARN_CONSTANT_CONVERSION = YES;
				CLANG_WARN_DEPRECATED_OBJC_IMPLEMENTATIONS = YES;
				CLANG_WARN_DIRECT_OBJC_ISA_USAGE = YES_ERROR;
				CLANG_WARN_DOCUMENTATION_COMMENTS = YES;
				CLANG_WARN_EMPTY_BODY = YES;
				CLANG_WARN_ENUM_CONVERSION = YES;
				CLANG_WARN_INFINITE_RECURSION = YES;
				CLANG_WARN_INT_CONVERSION = YES;
				CLANG_WARN_NON_LITERAL_NULL_CONVERSION = YES;
				CLANG_WARN_OBJC_IMPLICIT_RETAIN_SELF = YES;
				CLANG_WARN_OBJC_LITERAL_CONVERSION = YES;
				CLANG_WARN_OBJC_ROOT_CLASS = YES_ERROR;
				CLANG_WARN_QUOTED_INCLUDE_IN_FRAMEWORK_HEADER = YES;
				CLANG_WARN_RANGE_LOOP_ANALYSIS = YES;
				CLANG_WARN_STRICT_PROTOTYPES = YES;
				CLANG_WARN_SUSPICIOUS_MOVE = YES;
				CLANG_WARN_UNGUARDED_AVAILABILITY = YES_AGGRESSIVE;
				CLANG_WARN_UNREACHABLE_CODE = YES;
				CLANG_WARN__DUPLICATE_METHOD_MATCH = YES;
				COPY_PHASE_STRIP = NO;
				DEBUG_INFORMATION_FORMAT = "dwarf-with-dsym";
				ENABLE_NS_ASSERTIONS = NO;
				ENABLE_STRICT_OBJC_MSGSEND = YES;
				GCC_C_LANGUAGE_STANDARD = gnu11;
				GCC_NO_COMMON_BLOCKS = YES;
				GCC_WARN_64_TO_32_BIT_CONVERSION = YES;
				GCC_WARN_ABOUT_RETURN_TYPE = YES_ERROR;
				GCC_WARN_UNDECLARED_SELECTOR = YES;
				GCC_WARN_UNINITIALIZED_AUTOS = YES_AGGRESSIVE;
				GCC_WARN_UNUSED_FUNCTION = YES;
				GCC_WARN_UNUSED_VARIABLE = YES;
				IPHONEOS_DEPLOYMENT_TARGET = 14.4;
				MTL_ENABLE_DEBUG_INFO = NO;
				MTL_FAST_MATH = YES;
				SDKROOT = iphoneos;
				SWIFT_COMPILATION_MODE = wholemodule;
				SWIFT_OPTIMIZATION_LEVEL = "-O";
				VALIDATE_PRODUCT = YES;
			};
			name = Release;
		};
		27A9E3CB2609285400E5D8D2 /* Debug */ = {
			isa = XCBuildConfiguration;
			baseConfigurationReference = F01EE5919F422AE093B200A8 /* Pods-Healios.debug.xcconfig */;
			buildSettings = {
				ASSETCATALOG_COMPILER_APPICON_NAME = AppIcon;
				ASSETCATALOG_COMPILER_GLOBAL_ACCENT_COLOR_NAME = AccentColor;
				CODE_SIGN_STYLE = Automatic;
				INFOPLIST_FILE = Healios/Info.plist;
				LD_RUNPATH_SEARCH_PATHS = (
					"$(inherited)",
					"@executable_path/Frameworks",
				);
				PRODUCT_BUNDLE_IDENTIFIER = com.kiki.Healios;
				PRODUCT_NAME = "$(TARGET_NAME)";
				SWIFT_VERSION = 5.0;
				TARGETED_DEVICE_FAMILY = "1,2";
			};
			name = Debug;
		};
		27A9E3CC2609285400E5D8D2 /* Release */ = {
			isa = XCBuildConfiguration;
			baseConfigurationReference = 64E912A4C0836D514AAA2010 /* Pods-Healios.release.xcconfig */;
			buildSettings = {
				ASSETCATALOG_COMPILER_APPICON_NAME = AppIcon;
				ASSETCATALOG_COMPILER_GLOBAL_ACCENT_COLOR_NAME = AccentColor;
				CODE_SIGN_STYLE = Automatic;
				INFOPLIST_FILE = Healios/Info.plist;
				LD_RUNPATH_SEARCH_PATHS = (
					"$(inherited)",
					"@executable_path/Frameworks",
				);
				PRODUCT_BUNDLE_IDENTIFIER = com.kiki.Healios;
				PRODUCT_NAME = "$(TARGET_NAME)";
				SWIFT_VERSION = 5.0;
				TARGETED_DEVICE_FAMILY = "1,2";
			};
			name = Release;
		};
		27A9E3CE2609285400E5D8D2 /* Debug */ = {
			isa = XCBuildConfiguration;
			buildSettings = {
				ALWAYS_EMBED_SWIFT_STANDARD_LIBRARIES = YES;
				BUNDLE_LOADER = "$(TEST_HOST)";
				CODE_SIGN_STYLE = Automatic;
				INFOPLIST_FILE = HealiosTests/Info.plist;
				IPHONEOS_DEPLOYMENT_TARGET = 14.4;
				LD_RUNPATH_SEARCH_PATHS = (
					"$(inherited)",
					"@executable_path/Frameworks",
					"@loader_path/Frameworks",
				);
				PRODUCT_BUNDLE_IDENTIFIER = com.kiki.HealiosTests;
				PRODUCT_NAME = "$(TARGET_NAME)";
				SWIFT_VERSION = 5.0;
				TARGETED_DEVICE_FAMILY = "1,2";
				TEST_HOST = "$(BUILT_PRODUCTS_DIR)/Healios.app/Healios";
			};
			name = Debug;
		};
		27A9E3CF2609285400E5D8D2 /* Release */ = {
			isa = XCBuildConfiguration;
			buildSettings = {
				ALWAYS_EMBED_SWIFT_STANDARD_LIBRARIES = YES;
				BUNDLE_LOADER = "$(TEST_HOST)";
				CODE_SIGN_STYLE = Automatic;
				INFOPLIST_FILE = HealiosTests/Info.plist;
				IPHONEOS_DEPLOYMENT_TARGET = 14.4;
				LD_RUNPATH_SEARCH_PATHS = (
					"$(inherited)",
					"@executable_path/Frameworks",
					"@loader_path/Frameworks",
				);
				PRODUCT_BUNDLE_IDENTIFIER = com.kiki.HealiosTests;
				PRODUCT_NAME = "$(TARGET_NAME)";
				SWIFT_VERSION = 5.0;
				TARGETED_DEVICE_FAMILY = "1,2";
				TEST_HOST = "$(BUILT_PRODUCTS_DIR)/Healios.app/Healios";
			};
			name = Release;
		};
		27A9E3D12609285400E5D8D2 /* Debug */ = {
			isa = XCBuildConfiguration;
			buildSettings = {
				ALWAYS_EMBED_SWIFT_STANDARD_LIBRARIES = YES;
				CODE_SIGN_STYLE = Automatic;
				INFOPLIST_FILE = HealiosUITests/Info.plist;
				LD_RUNPATH_SEARCH_PATHS = (
					"$(inherited)",
					"@executable_path/Frameworks",
					"@loader_path/Frameworks",
				);
				PRODUCT_BUNDLE_IDENTIFIER = com.kiki.HealiosUITests;
				PRODUCT_NAME = "$(TARGET_NAME)";
				SWIFT_VERSION = 5.0;
				TARGETED_DEVICE_FAMILY = "1,2";
				TEST_TARGET_NAME = Healios;
			};
			name = Debug;
		};
		27A9E3D22609285400E5D8D2 /* Release */ = {
			isa = XCBuildConfiguration;
			buildSettings = {
				ALWAYS_EMBED_SWIFT_STANDARD_LIBRARIES = YES;
				CODE_SIGN_STYLE = Automatic;
				INFOPLIST_FILE = HealiosUITests/Info.plist;
				LD_RUNPATH_SEARCH_PATHS = (
					"$(inherited)",
					"@executable_path/Frameworks",
					"@loader_path/Frameworks",
				);
				PRODUCT_BUNDLE_IDENTIFIER = com.kiki.HealiosUITests;
				PRODUCT_NAME = "$(TARGET_NAME)";
				SWIFT_VERSION = 5.0;
				TARGETED_DEVICE_FAMILY = "1,2";
				TEST_TARGET_NAME = Healios;
			};
			name = Release;
		};
/* End XCBuildConfiguration section */

/* Begin XCConfigurationList section */
		27A9E39B2609285100E5D8D2 /* Build configuration list for PBXProject "Healios" */ = {
			isa = XCConfigurationList;
			buildConfigurations = (
				27A9E3C82609285400E5D8D2 /* Debug */,
				27A9E3C92609285400E5D8D2 /* Release */,
			);
			defaultConfigurationIsVisible = 0;
			defaultConfigurationName = Release;
		};
		27A9E3CA2609285400E5D8D2 /* Build configuration list for PBXNativeTarget "Healios" */ = {
			isa = XCConfigurationList;
			buildConfigurations = (
				27A9E3CB2609285400E5D8D2 /* Debug */,
				27A9E3CC2609285400E5D8D2 /* Release */,
			);
			defaultConfigurationIsVisible = 0;
			defaultConfigurationName = Release;
		};
		27A9E3CD2609285400E5D8D2 /* Build configuration list for PBXNativeTarget "HealiosTests" */ = {
			isa = XCConfigurationList;
			buildConfigurations = (
				27A9E3CE2609285400E5D8D2 /* Debug */,
				27A9E3CF2609285400E5D8D2 /* Release */,
			);
			defaultConfigurationIsVisible = 0;
			defaultConfigurationName = Release;
		};
		27A9E3D02609285400E5D8D2 /* Build configuration list for PBXNativeTarget "HealiosUITests" */ = {
			isa = XCConfigurationList;
			buildConfigurations = (
				27A9E3D12609285400E5D8D2 /* Debug */,
				27A9E3D22609285400E5D8D2 /* Release */,
			);
			defaultConfigurationIsVisible = 0;
			defaultConfigurationName = Release;
		};
/* End XCConfigurationList section */

/* Begin XCVersionGroup section */
		27A00DF4260A89FD00890034 /* Healios.xcdatamodeld */ = {
			isa = XCVersionGroup;
			children = (
				27A00DF5260A89FD00890034 /* Healios.xcdatamodel */,
			);
			currentVersion = 27A00DF5260A89FD00890034 /* Healios.xcdatamodel */;
			path = Healios.xcdatamodeld;
			sourceTree = "<group>";
			versionGroupType = wrapper.xcdatamodel;
		};
/* End XCVersionGroup section */
	};
	rootObject = 27A9E3982609285100E5D8D2 /* Project object */;
}
